{
  "name": "demo",
  "version": "1.0.0",
  "lockfileVersion": 1,
  "requires": true,
  "dependencies": {
    "emails-input": {
      "version": "1.0.0",
      "resolved": "https://registry.npmjs.org/emails-input/-/emails-input-1.0.0.tgz",
      "integrity": "sha512-KCpJ2GnzfEof5Sknohiak/icZfV1267HaaeLicS1AI9XyVgE7ODr2q/YOultK8F2T5qb8Z6oIMlH91zfA9zkyg=="
    }
  }
}
